// !$*UTF8*$!
{
	archiveVersion = 1;
	classes = {
	};
	objectVersion = 56;
	objects = {

/* Begin PBXBuildFile section */
		557CF9EB2AA588D90028E71C /* CredentialsLoginView.swift in Sources */ = {isa = PBXBuildFile; fileRef = 557CF9EA2AA588D90028E71C /* CredentialsLoginView.swift */; };
		55C5C4102AA3836300CD1573 /* BiometricDemoApp.swift in Sources */ = {isa = PBXBuildFile; fileRef = 55C5C40F2AA3836300CD1573 /* BiometricDemoApp.swift */; };
		55C5C4122AA3836300CD1573 /* ContentView.swift in Sources */ = {isa = PBXBuildFile; fileRef = 55C5C4112AA3836300CD1573 /* ContentView.swift */; };
		55C5C4142AA3836500CD1573 /* Assets.xcassets in Resources */ = {isa = PBXBuildFile; fileRef = 55C5C4132AA3836500CD1573 /* Assets.xcassets */; };
		55C5C4172AA3836500CD1573 /* Preview Assets.xcassets in Resources */ = {isa = PBXBuildFile; fileRef = 55C5C4162AA3836500CD1573 /* Preview Assets.xcassets */; };
		55C5C4212AA3836600CD1573 /* BiometricDemoTests.swift in Sources */ = {isa = PBXBuildFile; fileRef = 55C5C4202AA3836600CD1573 /* BiometricDemoTests.swift */; };
		55C5C42B2AA3836600CD1573 /* BiometricDemoUITests.swift in Sources */ = {isa = PBXBuildFile; fileRef = 55C5C42A2AA3836600CD1573 /* BiometricDemoUITests.swift */; };
		55C5C42D2AA3836600CD1573 /* BiometricDemoUITestsLaunchTests.swift in Sources */ = {isa = PBXBuildFile; fileRef = 55C5C42C2AA3836600CD1573 /* BiometricDemoUITestsLaunchTests.swift */; };
		55C5C43B2AA384A600CD1573 /* Title.swift in Sources */ = {isa = PBXBuildFile; fileRef = 55C5C43A2AA384A600CD1573 /* Title.swift */; };
		55C5C43D2AA3862000CD1573 /* PrimaryButton.swift in Sources */ = {isa = PBXBuildFile; fileRef = 55C5C43C2AA3862000CD1573 /* PrimaryButton.swift */; };
		55C5C4402AA387AD00CD1573 /* LoginView.swift in Sources */ = {isa = PBXBuildFile; fileRef = 55C5C43F2AA387AD00CD1573 /* LoginView.swift */; };
		55C5C4422AA389B700CD1573 /* BiometricManager.swift in Sources */ = {isa = PBXBuildFile; fileRef = 55C5C4412AA389B700CD1573 /* BiometricManager.swift */; };
/* End PBXBuildFile section */

/* Begin PBXContainerItemProxy section */
		55C5C41D2AA3836600CD1573 /* PBXContainerItemProxy */ = {
			isa = PBXContainerItemProxy;
			containerPortal = 55C5C4042AA3836300CD1573 /* Project object */;
			proxyType = 1;
			remoteGlobalIDString = 55C5C40B2AA3836300CD1573;
			remoteInfo = BiometricDemo;
		};
		55C5C4272AA3836600CD1573 /* PBXContainerItemProxy */ = {
			isa = PBXContainerItemProxy;
			containerPortal = 55C5C4042AA3836300CD1573 /* Project object */;
			proxyType = 1;
			remoteGlobalIDString = 55C5C40B2AA3836300CD1573;
			remoteInfo = BiometricDemo;
		};
/* End PBXContainerItemProxy section */

/* Begin PBXFileReference section */
		557CF9EA2AA588D90028E71C /* CredentialsLoginView.swift */ = {isa = PBXFileReference; lastKnownFileType = sourcecode.swift; path = CredentialsLoginView.swift; sourceTree = "<group>"; };
		55C5C40C2AA3836300CD1573 /* BiometricDemo.app */ = {isa = PBXFileReference; explicitFileType = wrapper.application; includeInIndex = 0; path = BiometricDemo.app; sourceTree = BUILT_PRODUCTS_DIR; };
		55C5C40F2AA3836300CD1573 /* BiometricDemoApp.swift */ = {isa = PBXFileReference; lastKnownFileType = sourcecode.swift; path = BiometricDemoApp.swift; sourceTree = "<group>"; };
		55C5C4112AA3836300CD1573 /* ContentView.swift */ = {isa = PBXFileReference; lastKnownFileType = sourcecode.swift; path = ContentView.swift; sourceTree = "<group>"; };
		55C5C4132AA3836500CD1573 /* Assets.xcassets */ = {isa = PBXFileReference; lastKnownFileType = folder.assetcatalog; path = Assets.xcassets; sourceTree = "<group>"; };
		55C5C4162AA3836500CD1573 /* Preview Assets.xcassets */ = {isa = PBXFileReference; lastKnownFileType = folder.assetcatalog; path = "Preview Assets.xcassets"; sourceTree = "<group>"; };
		55C5C41C2AA3836600CD1573 /* BiometricDemoTests.xctest */ = {isa = PBXFileReference; explicitFileType = wrapper.cfbundle; includeInIndex = 0; path = BiometricDemoTests.xctest; sourceTree = BUILT_PRODUCTS_DIR; };
		55C5C4202AA3836600CD1573 /* BiometricDemoTests.swift */ = {isa = PBXFileReference; lastKnownFileType = sourcecode.swift; path = BiometricDemoTests.swift; sourceTree = "<group>"; };
		55C5C4262AA3836600CD1573 /* BiometricDemoUITests.xctest */ = {isa = PBXFileReference; explicitFileType = wrapper.cfbundle; includeInIndex = 0; path = BiometricDemoUITests.xctest; sourceTree = BUILT_PRODUCTS_DIR; };
		55C5C42A2AA3836600CD1573 /* BiometricDemoUITests.swift */ = {isa = PBXFileReference; lastKnownFileType = sourcecode.swift; path = BiometricDemoUITests.swift; sourceTree = "<group>"; };
		55C5C42C2AA3836600CD1573 /* BiometricDemoUITestsLaunchTests.swift */ = {isa = PBXFileReference; lastKnownFileType = sourcecode.swift; path = BiometricDemoUITestsLaunchTests.swift; sourceTree = "<group>"; };
		55C5C43A2AA384A600CD1573 /* Title.swift */ = {isa = PBXFileReference; lastKnownFileType = sourcecode.swift; path = Title.swift; sourceTree = "<group>"; };
		55C5C43C2AA3862000CD1573 /* PrimaryButton.swift */ = {isa = PBXFileReference; lastKnownFileType = sourcecode.swift; path = PrimaryButton.swift; sourceTree = "<group>"; };
		55C5C43F2AA387AD00CD1573 /* LoginView.swift */ = {isa = PBXFileReference; lastKnownFileType = sourcecode.swift; path = LoginView.swift; sourceTree = "<group>"; };
		55C5C4412AA389B700CD1573 /* BiometricManager.swift */ = {isa = PBXFileReference; lastKnownFileType = sourcecode.swift; path = BiometricManager.swift; sourceTree = "<group>"; };
		55C5C4432AA38A7E00CD1573 /* Info.plist */ = {isa = PBXFileReference; lastKnownFileType = text.plist; path = Info.plist; sourceTree = "<group>"; };
/* End PBXFileReference section */

/* Begin PBXFrameworksBuildPhase section */
		55C5C4092AA3836300CD1573 /* Frameworks */ = {
			isa = PBXFrameworksBuildPhase;
			buildActionMask = 2147483647;
			files = (
			);
			runOnlyForDeploymentPostprocessing = 0;
		};
		55C5C4192AA3836600CD1573 /* Frameworks */ = {
			isa = PBXFrameworksBuildPhase;
			buildActionMask = 2147483647;
			files = (
			);
			runOnlyForDeploymentPostprocessing = 0;
		};
		55C5C4232AA3836600CD1573 /* Frameworks */ = {
			isa = PBXFrameworksBuildPhase;
			buildActionMask = 2147483647;
			files = (
			);
			runOnlyForDeploymentPostprocessing = 0;
		};
/* End PBXFrameworksBuildPhase section */

/* Begin PBXGroup section */
		55C5C4032AA3836300CD1573 = {
			isa = PBXGroup;
			children = (
				55C5C40E2AA3836300CD1573 /* BiometricDemo */,
				55C5C41F2AA3836600CD1573 /* BiometricDemoTests */,
				55C5C4292AA3836600CD1573 /* BiometricDemoUITests */,
				55C5C40D2AA3836300CD1573 /* Products */,
			);
			sourceTree = "<group>";
		};
		55C5C40D2AA3836300CD1573 /* Products */ = {
			isa = PBXGroup;
			children = (
				55C5C40C2AA3836300CD1573 /* BiometricDemo.app */,
				55C5C41C2AA3836600CD1573 /* BiometricDemoTests.xctest */,
				55C5C4262AA3836600CD1573 /* BiometricDemoUITests.xctest */,
			);
			name = Products;
			sourceTree = "<group>";
		};
		55C5C40E2AA3836300CD1573 /* BiometricDemo */ = {
			isa = PBXGroup;
			children = (
				55C5C4432AA38A7E00CD1573 /* Info.plist */,
				55C5C43E2AA3877700CD1573 /* Views */,
				55C5C4392AA3849200CD1573 /* Components */,
				55C5C40F2AA3836300CD1573 /* BiometricDemoApp.swift */,
				55C5C4132AA3836500CD1573 /* Assets.xcassets */,
				55C5C4152AA3836500CD1573 /* Preview Content */,
				55C5C4412AA389B700CD1573 /* BiometricManager.swift */,
			);
			path = BiometricDemo;
			sourceTree = "<group>";
		};
		55C5C4152AA3836500CD1573 /* Preview Content */ = {
			isa = PBXGroup;
			children = (
				55C5C4162AA3836500CD1573 /* Preview Assets.xcassets */,
			);
			path = "Preview Content";
			sourceTree = "<group>";
		};
		55C5C41F2AA3836600CD1573 /* BiometricDemoTests */ = {
			isa = PBXGroup;
			children = (
				55C5C4202AA3836600CD1573 /* BiometricDemoTests.swift */,
			);
			path = BiometricDemoTests;
			sourceTree = "<group>";
		};
		55C5C4292AA3836600CD1573 /* BiometricDemoUITests */ = {
			isa = PBXGroup;
			children = (
				55C5C42A2AA3836600CD1573 /* BiometricDemoUITests.swift */,
				55C5C42C2AA3836600CD1573 /* BiometricDemoUITestsLaunchTests.swift */,
			);
			path = BiometricDemoUITests;
			sourceTree = "<group>";
		};
		55C5C4392AA3849200CD1573 /* Components */ = {
			isa = PBXGroup;
			children = (
				55C5C43A2AA384A600CD1573 /* Title.swift */,
				55C5C43C2AA3862000CD1573 /* PrimaryButton.swift */,
			);
			path = Components;
			sourceTree = "<group>";
		};
		55C5C43E2AA3877700CD1573 /* Views */ = {
			isa = PBXGroup;
			children = (
				55C5C4112AA3836300CD1573 /* ContentView.swift */,
				55C5C43F2AA387AD00CD1573 /* LoginView.swift */,
				557CF9EA2AA588D90028E71C /* CredentialsLoginView.swift */,
			);
			path = Views;
			sourceTree = "<group>";
		};
/* End PBXGroup section */

/* Begin PBXNativeTarget section */
		55C5C40B2AA3836300CD1573 /* BiometricDemo */ = {
			isa = PBXNativeTarget;
			buildConfigurationList = 55C5C4302AA3836600CD1573 /* Build configuration list for PBXNativeTarget "BiometricDemo" */;
			buildPhases = (
				55C5C4082AA3836300CD1573 /* Sources */,
				55C5C4092AA3836300CD1573 /* Frameworks */,
				55C5C40A2AA3836300CD1573 /* Resources */,
			);
			buildRules = (
			);
			dependencies = (
			);
			name = BiometricDemo;
			productName = BiometricDemo;
			productReference = 55C5C40C2AA3836300CD1573 /* BiometricDemo.app */;
			productType = "com.apple.product-type.application";
		};
		55C5C41B2AA3836600CD1573 /* BiometricDemoTests */ = {
			isa = PBXNativeTarget;
			buildConfigurationList = 55C5C4332AA3836600CD1573 /* Build configuration list for PBXNativeTarget "BiometricDemoTests" */;
			buildPhases = (
				55C5C4182AA3836600CD1573 /* Sources */,
				55C5C4192AA3836600CD1573 /* Frameworks */,
				55C5C41A2AA3836600CD1573 /* Resources */,
			);
			buildRules = (
			);
			dependencies = (
				55C5C41E2AA3836600CD1573 /* PBXTargetDependency */,
			);
			name = BiometricDemoTests;
			productName = BiometricDemoTests;
			productReference = 55C5C41C2AA3836600CD1573 /* BiometricDemoTests.xctest */;
			productType = "com.apple.product-type.bundle.unit-test";
		};
		55C5C4252AA3836600CD1573 /* BiometricDemoUITests */ = {
			isa = PBXNativeTarget;
			buildConfigurationList = 55C5C4362AA3836600CD1573 /* Build configuration list for PBXNativeTarget "BiometricDemoUITests" */;
			buildPhases = (
				55C5C4222AA3836600CD1573 /* Sources */,
				55C5C4232AA3836600CD1573 /* Frameworks */,
				55C5C4242AA3836600CD1573 /* Resources */,
			);
			buildRules = (
			);
			dependencies = (
				55C5C4282AA3836600CD1573 /* PBXTargetDependency */,
			);
			name = BiometricDemoUITests;
			productName = BiometricDemoUITests;
			productReference = 55C5C4262AA3836600CD1573 /* BiometricDemoUITests.xctest */;
			productType = "com.apple.product-type.bundle.ui-testing";
		};
/* End PBXNativeTarget section */

/* Begin PBXProject section */
		55C5C4042AA3836300CD1573 /* Project object */ = {
			isa = PBXProject;
			attributes = {
				BuildIndependentTargetsInParallel = 1;
				LastSwiftUpdateCheck = 1500;
				LastUpgradeCheck = 1500;
				TargetAttributes = {
					55C5C40B2AA3836300CD1573 = {
						CreatedOnToolsVersion = 15.0;
					};
					55C5C41B2AA3836600CD1573 = {
						CreatedOnToolsVersion = 15.0;
						TestTargetID = 55C5C40B2AA3836300CD1573;
					};
					55C5C4252AA3836600CD1573 = {
						CreatedOnToolsVersion = 15.0;
						TestTargetID = 55C5C40B2AA3836300CD1573;
					};
				};
			};
			buildConfigurationList = 55C5C4072AA3836300CD1573 /* Build configuration list for PBXProject "BiometricDemo" */;
			compatibilityVersion = "Xcode 14.0";
			developmentRegion = en;
			hasScannedForEncodings = 0;
			knownRegions = (
				en,
				Base,
			);
			mainGroup = 55C5C4032AA3836300CD1573;
			productRefGroup = 55C5C40D2AA3836300CD1573 /* Products */;
			projectDirPath = "";
			projectRoot = "";
			targets = (
				55C5C40B2AA3836300CD1573 /* BiometricDemo */,
				55C5C41B2AA3836600CD1573 /* BiometricDemoTests */,
				55C5C4252AA3836600CD1573 /* BiometricDemoUITests */,
			);
		};
/* End PBXProject section */

/* Begin PBXResourcesBuildPhase section */
		55C5C40A2AA3836300CD1573 /* Resources */ = {
			isa = PBXResourcesBuildPhase;
			buildActionMask = 2147483647;
			files = (
				55C5C4172AA3836500CD1573 /* Preview Assets.xcassets in Resources */,
				55C5C4142AA3836500CD1573 /* Assets.xcassets in Resources */,
			);
			runOnlyForDeploymentPostprocessing = 0;
		};
		55C5C41A2AA3836600CD1573 /* Resources */ = {
			isa = PBXResourcesBuildPhase;
			buildActionMask = 2147483647;
			files = (
			);
			runOnlyForDeploymentPostprocessing = 0;
		};
		55C5C4242AA3836600CD1573 /* Resources */ = {
			isa = PBXResourcesBuildPhase;
			buildActionMask = 2147483647;
			files = (
			);
			runOnlyForDeploymentPostprocessing = 0;
		};
/* End PBXResourcesBuildPhase section */

/* Begin PBXSourcesBuildPhase section */
		55C5C4082AA3836300CD1573 /* Sources */ = {
			isa = PBXSourcesBuildPhase;
			buildActionMask = 2147483647;
			files = (
				55C5C4122AA3836300CD1573 /* ContentView.swift in Sources */,
				55C5C43B2AA384A600CD1573 /* Title.swift in Sources */,
				557CF9EB2AA588D90028E71C /* CredentialsLoginView.swift in Sources */,
				55C5C4422AA389B700CD1573 /* BiometricManager.swift in Sources */,
				55C5C43D2AA3862000CD1573 /* PrimaryButton.swift in Sources */,
				55C5C4402AA387AD00CD1573 /* LoginView.swift in Sources */,
				55C5C4102AA3836300CD1573 /* BiometricDemoApp.swift in Sources */,
			);
			runOnlyForDeploymentPostprocessing = 0;
		};
		55C5C4182AA3836600CD1573 /* Sources */ = {
			isa = PBXSourcesBuildPhase;
			buildActionMask = 2147483647;
			files = (
				55C5C4212AA3836600CD1573 /* BiometricDemoTests.swift in Sources */,
			);
			runOnlyForDeploymentPostprocessing = 0;
		};
		55C5C4222AA3836600CD1573 /* Sources */ = {
			isa = PBXSourcesBuildPhase;
			buildActionMask = 2147483647;
			files = (
				55C5C42D2AA3836600CD1573 /* BiometricDemoUITestsLaunchTests.swift in Sources */,
				55C5C42B2AA3836600CD1573 /* BiometricDemoUITests.swift in Sources */,
			);
			runOnlyForDeploymentPostprocessing = 0;
		};
/* End PBXSourcesBuildPhase section */

/* Begin PBXTargetDependency section */
		55C5C41E2AA3836600CD1573 /* PBXTargetDependency */ = {
			isa = PBXTargetDependency;
			target = 55C5C40B2AA3836300CD1573 /* BiometricDemo */;
			targetProxy = 55C5C41D2AA3836600CD1573 /* PBXContainerItemProxy */;
		};
		55C5C4282AA3836600CD1573 /* PBXTargetDependency */ = {
			isa = PBXTargetDependency;
			target = 55C5C40B2AA3836300CD1573 /* BiometricDemo */;
			targetProxy = 55C5C4272AA3836600CD1573 /* PBXContainerItemProxy */;
		};
/* End PBXTargetDependency section */

/* Begin XCBuildConfiguration section */
		55C5C42E2AA3836600CD1573 /* Debug */ = {
			isa = XCBuildConfiguration;
			buildSettings = {
				ALWAYS_SEARCH_USER_PATHS = NO;
				ASSETCATALOG_COMPILER_GENERATE_SWIFT_ASSET_SYMBOL_EXTENSIONS = YES;
				CLANG_ANALYZER_NONNULL = YES;
				CLANG_ANALYZER_NUMBER_OBJECT_CONVERSION = YES_AGGRESSIVE;
				CLANG_CXX_LANGUAGE_STANDARD = "gnu++20";
				CLANG_ENABLE_MODULES = YES;
				CLANG_ENABLE_OBJC_ARC = YES;
				CLANG_ENABLE_OBJC_WEAK = YES;
				CLANG_WARN_BLOCK_CAPTURE_AUTORELEASING = YES;
				CLANG_WARN_BOOL_CONVERSION = YES;
				CLANG_WARN_COMMA = YES;
				CLANG_WARN_CONSTANT_CONVERSION = YES;
				CLANG_WARN_DEPRECATED_OBJC_IMPLEMENTATIONS = YES;
				CLANG_WARN_DIRECT_OBJC_ISA_USAGE = YES_ERROR;
				CLANG_WARN_DOCUMENTATION_COMMENTS = YES;
				CLANG_WARN_EMPTY_BODY = YES;
				CLANG_WARN_ENUM_CONVERSION = YES;
				CLANG_WARN_INFINITE_RECURSION = YES;
				CLANG_WARN_INT_CONVERSION = YES;
				CLANG_WARN_NON_LITERAL_NULL_CONVERSION = YES;
				CLANG_WARN_OBJC_IMPLICIT_RETAIN_SELF = YES;
				CLANG_WARN_OBJC_LITERAL_CONVERSION = YES;
				CLANG_WARN_OBJC_ROOT_CLASS = YES_ERROR;
				CLANG_WARN_QUOTED_INCLUDE_IN_FRAMEWORK_HEADER = YES;
				CLANG_WARN_RANGE_LOOP_ANALYSIS = YES;
				CLANG_WARN_STRICT_PROTOTYPES = YES;
				CLANG_WARN_SUSPICIOUS_MOVE = YES;
				CLANG_WARN_UNGUARDED_AVAILABILITY = YES_AGGRESSIVE;
				CLANG_WARN_UNREACHABLE_CODE = YES;
				CLANG_WARN__DUPLICATE_METHOD_MATCH = YES;
				COPY_PHASE_STRIP = NO;
				DEBUG_INFORMATION_FORMAT = dwarf;
				ENABLE_STRICT_OBJC_MSGSEND = YES;
				ENABLE_TESTABILITY = YES;
				ENABLE_USER_SCRIPT_SANDBOXING = YES;
				GCC_C_LANGUAGE_STANDARD = gnu17;
				GCC_DYNAMIC_NO_PIC = NO;
				GCC_NO_COMMON_BLOCKS = YES;
				GCC_OPTIMIZATION_LEVEL = 0;
				GCC_PREPROCESSOR_DEFINITIONS = (
					"DEBUG=1",
					"$(inherited)",
				);
				GCC_WARN_64_TO_32_BIT_CONVERSION = YES;
				GCC_WARN_ABOUT_RETURN_TYPE = YES_ERROR;
				GCC_WARN_UNDECLARED_SELECTOR = YES;
				GCC_WARN_UNINITIALIZED_AUTOS = YES_AGGRESSIVE;
				GCC_WARN_UNUSED_FUNCTION = YES;
				GCC_WARN_UNUSED_VARIABLE = YES;
				IPHONEOS_DEPLOYMENT_TARGET = 17.0;
				LOCALIZATION_PREFERS_STRING_CATALOGS = YES;
				MTL_ENABLE_DEBUG_INFO = INCLUDE_SOURCE;
				MTL_FAST_MATH = YES;
				ONLY_ACTIVE_ARCH = YES;
				SDKROOT = iphoneos;
				SWIFT_ACTIVE_COMPILATION_CONDITIONS = "DEBUG $(inherited)";
				SWIFT_OPTIMIZATION_LEVEL = "-Onone";
			};
			name = Debug;
		};
		55C5C42F2AA3836600CD1573 /* Release */ = {
			isa = XCBuildConfiguration;
			buildSettings = {
				ALWAYS_SEARCH_USER_PATHS = NO;
				ASSETCATALOG_COMPILER_GENERATE_SWIFT_ASSET_SYMBOL_EXTENSIONS = YES;
				CLANG_ANALYZER_NONNULL = YES;
				CLANG_ANALYZER_NUMBER_OBJECT_CONVERSION = YES_AGGRESSIVE;
				CLANG_CXX_LANGUAGE_STANDARD = "gnu++20";
				CLANG_ENABLE_MODULES = YES;
				CLANG_ENABLE_OBJC_ARC = YES;
				CLANG_ENABLE_OBJC_WEAK = YES;
				CLANG_WARN_BLOCK_CAPTURE_AUTORELEASING = YES;
				CLANG_WARN_BOOL_CONVERSION = YES;
				CLANG_WARN_COMMA = YES;
				CLANG_WARN_CONSTANT_CONVERSION = YES;
				CLANG_WARN_DEPRECATED_OBJC_IMPLEMENTATIONS = YES;
				CLANG_WARN_DIRECT_OBJC_ISA_USAGE = YES_ERROR;
				CLANG_WARN_DOCUMENTATION_COMMENTS = YES;
				CLANG_WARN_EMPTY_BODY = YES;
				CLANG_WARN_ENUM_CONVERSION = YES;
				CLANG_WARN_INFINITE_RECURSION = YES;
				CLANG_WARN_INT_CONVERSION = YES;
				CLANG_WARN_NON_LITERAL_NULL_CONVERSION = YES;
				CLANG_WARN_OBJC_IMPLICIT_RETAIN_SELF = YES;
				CLANG_WARN_OBJC_LITERAL_CONVERSION = YES;
				CLANG_WARN_OBJC_ROOT_CLASS = YES_ERROR;
				CLANG_WARN_QUOTED_INCLUDE_IN_FRAMEWORK_HEADER = YES;
				CLANG_WARN_RANGE_LOOP_ANALYSIS = YES;
				CLANG_WARN_STRICT_PROTOTYPES = YES;
				CLANG_WARN_SUSPICIOUS_MOVE = YES;
				CLANG_WARN_UNGUARDED_AVAILABILITY = YES_AGGRESSIVE;
				CLANG_WARN_UNREACHABLE_CODE = YES;
				CLANG_WARN__DUPLICATE_METHOD_MATCH = YES;
				COPY_PHASE_STRIP = NO;
				DEBUG_INFORMATION_FORMAT = "dwarf-with-dsym";
				ENABLE_NS_ASSERTIONS = NO;
				ENABLE_STRICT_OBJC_MSGSEND = YES;
				ENABLE_USER_SCRIPT_SANDBOXING = YES;
				GCC_C_LANGUAGE_STANDARD = gnu17;
				GCC_NO_COMMON_BLOCKS = YES;
				GCC_WARN_64_TO_32_BIT_CONVERSION = YES;
				GCC_WARN_ABOUT_RETURN_TYPE = YES_ERROR;
				GCC_WARN_UNDECLARED_SELECTOR = YES;
				GCC_WARN_UNINITIALIZED_AUTOS = YES_AGGRESSIVE;
				GCC_WARN_UNUSED_FUNCTION = YES;
				GCC_WARN_UNUSED_VARIABLE = YES;
				IPHONEOS_DEPLOYMENT_TARGET = 17.0;
				LOCALIZATION_PREFERS_STRING_CATALOGS = YES;
				MTL_ENABLE_DEBUG_INFO = NO;
				MTL_FAST_MATH = YES;
				SDKROOT = iphoneos;
				SWIFT_COMPILATION_MODE = wholemodule;
				VALIDATE_PRODUCT = YES;
			};
			name = Release;
		};
		55C5C4312AA3836600CD1573 /* Debug */ = {
			isa = XCBuildConfiguration;
			buildSettings = {
				ASSETCATALOG_COMPILER_APPICON_NAME = AppIcon;
				ASSETCATALOG_COMPILER_GLOBAL_ACCENT_COLOR_NAME = AccentColor;
				CODE_SIGN_STYLE = Automatic;
				CURRENT_PROJECT_VERSION = 1;
				DEVELOPMENT_ASSET_PATHS = "\"BiometricDemo/Preview Content\"";
				DEVELOPMENT_TEAM = 27QL69X223;
				ENABLE_PREVIEWS = YES;
				GENERATE_INFOPLIST_FILE = YES;
				INFOPLIST_FILE = BiometricDemo/Info.plist;
				INFOPLIST_KEY_UIApplicationSceneManifest_Generation = YES;
				INFOPLIST_KEY_UIApplicationSupportsIndirectInputEvents = YES;
				INFOPLIST_KEY_UILaunchScreen_Generation = YES;
				INFOPLIST_KEY_UISupportedInterfaceOrientations_iPad = "UIInterfaceOrientationPortrait UIInterfaceOrientationPortraitUpsideDown UIInterfaceOrientationLandscapeLeft UIInterfaceOrientationLandscapeRight";
				INFOPLIST_KEY_UISupportedInterfaceOrientations_iPhone = "UIInterfaceOrientationPortrait UIInterfaceOrientationLandscapeLeft UIInterfaceOrientationLandscapeRight";
				IPHONEOS_DEPLOYMENT_TARGET = 16.6;
				LD_RUNPATH_SEARCH_PATHS = (
					"$(inherited)",
					"@executable_path/Frameworks",
				);
				MARKETING_VERSION = 1.0;
				PRODUCT_BUNDLE_IDENTIFIER = kitsche.BiometricDemo;
				PRODUCT_NAME = "$(TARGET_NAME)";
				SWIFT_EMIT_LOC_STRINGS = YES;
				SWIFT_VERSION = 5.0;
				TARGETED_DEVICE_FAMILY = "1,2";
			};
			name = Debug;
		};
		55C5C4322AA3836600CD1573 /* Release */ = {
			isa = XCBuildConfiguration;
			buildSettings = {
				ASSETCATALOG_COMPILER_APPICON_NAME = AppIcon;
				ASSETCATALOG_COMPILER_GLOBAL_ACCENT_COLOR_NAME = AccentColor;
				CODE_SIGN_STYLE = Automatic;
				CURRENT_PROJECT_VERSION = 1;
				DEVELOPMENT_ASSET_PATHS = "\"BiometricDemo/Preview Content\"";
				DEVELOPMENT_TEAM = 27QL69X223;
				ENABLE_PREVIEWS = YES;
				GENERATE_INFOPLIST_FILE = YES;
				INFOPLIST_FILE = BiometricDemo/Info.plist;
				INFOPLIST_KEY_UIApplicationSceneManifest_Generation = YES;
				INFOPLIST_KEY_UIApplicationSupportsIndirectInputEvents = YES;
				INFOPLIST_KEY_UILaunchScreen_Generation = YES;
				INFOPLIST_KEY_UISupportedInterfaceOrientations_iPad = "UIInterfaceOrientationPortrait UIInterfaceOrientationPortraitUpsideDown UIInterfaceOrientationLandscapeLeft UIInterfaceOrientationLandscapeRight";
				INFOPLIST_KEY_UISupportedInterfaceOrientations_iPhone = "UIInterfaceOrientationPortrait UIInterfaceOrientationLandscapeLeft UIInterfaceOrientationLandscapeRight";
				IPHONEOS_DEPLOYMENT_TARGET = 16.6;
				LD_RUNPATH_SEARCH_PATHS = (
					"$(inherited)",
					"@executable_path/Frameworks",
				);
				MARKETING_VERSION = 1.0;
				PRODUCT_BUNDLE_IDENTIFIER = kitsche.BiometricDemo;
				PRODUCT_NAME = "$(TARGET_NAME)";
				SWIFT_EMIT_LOC_STRINGS = YES;
				SWIFT_VERSION = 5.0;
				TARGETED_DEVICE_FAMILY = "1,2";
			};
			name = Release;
		};
		55C5C4342AA3836600CD1573 /* Debug */ = {
			isa = XCBuildConfiguration;
			buildSettings = {
				ALWAYS_EMBED_SWIFT_STANDARD_LIBRARIES = YES;
				BUNDLE_LOADER = "$(TEST_HOST)";
				CODE_SIGN_STYLE = Automatic;
				CURRENT_PROJECT_VERSION = 1;
				DEVELOPMENT_TEAM = 27QL69X223;
				GENERATE_INFOPLIST_FILE = YES;
				IPHONEOS_DEPLOYMENT_TARGET = 17.0;
				MARKETING_VERSION = 1.0;
				PRODUCT_BUNDLE_IDENTIFIER = kitsche.BiometricDemoTests;
				PRODUCT_NAME = "$(TARGET_NAME)";
				SWIFT_EMIT_LOC_STRINGS = NO;
				SWIFT_VERSION = 5.0;
				TARGETED_DEVICE_FAMILY = "1,2";
				TEST_HOST = "$(BUILT_PRODUCTS_DIR)/BiometricDemo.app/$(BUNDLE_EXECUTABLE_FOLDER_PATH)/BiometricDemo";
			};
			name = Debug;
		};
		55C5C4352AA3836600CD1573 /* Release */ = {
			isa = XCBuildConfiguration;
			buildSettings = {
				ALWAYS_EMBED_SWIFT_STANDARD_LIBRARIES = YES;
				BUNDLE_LOADER = "$(TEST_HOST)";
				CODE_SIGN_STYLE = Automatic;
				CURRENT_PROJECT_VERSION = 1;
				DEVELOPMENT_TEAM = 27QL69X223;
				GENERATE_INFOPLIST_FILE = YES;
				IPHONEOS_DEPLOYMENT_TARGET = 17.0;
				MARKETING_VERSION = 1.0;
				PRODUCT_BUNDLE_IDENTIFIER = kitsche.BiometricDemoTests;
				PRODUCT_NAME = "$(TARGET_NAME)";
				SWIFT_EMIT_LOC_STRINGS = NO;
				SWIFT_VERSION = 5.0;
				TARGETED_DEVICE_FAMILY = "1,2";
				TEST_HOST = "$(BUILT_PRODUCTS_DIR)/BiometricDemo.app/$(BUNDLE_EXECUTABLE_FOLDER_PATH)/BiometricDemo";
			};
			name = Release;
		};
		55C5C4372AA3836600CD1573 /* Debug */ = {
			isa = XCBuildConfiguration;
			buildSettings = {
				ALWAYS_EMBED_SWIFT_STANDARD_LIBRARIES = YES;
				CODE_SIGN_STYLE = Automatic;
				CURRENT_PROJECT_VERSION = 1;
				DEVELOPMENT_TEAM = 27QL69X223;
				GENERATE_INFOPLIST_FILE = YES;
				MARKETING_VERSION = 1.0;
				PRODUCT_BUNDLE_IDENTIFIER = kitsche.BiometricDemoUITests;
				PRODUCT_NAME = "$(TARGET_NAME)";
				SWIFT_EMIT_LOC_STRINGS = NO;
				SWIFT_VERSION = 5.0;
				TARGETED_DEVICE_FAMILY = "1,2";
				TEST_TARGET_NAME = BiometricDemo;
			};
			name = Debug;
		};
		55C5C4382AA3836600CD1573 /* Release */ = {
			isa = XCBuildConfiguration;
			buildSettings = {
				ALWAYS_EMBED_SWIFT_STANDARD_LIBRARIES = YES;
				CODE_SIGN_STYLE = Automatic;
				CURRENT_PROJECT_VERSION = 1;
				DEVELOPMENT_TEAM = 27QL69X223;
				GENERATE_INFOPLIST_FILE = YES;
				MARKETING_VERSION = 1.0;
				PRODUCT_BUNDLE_IDENTIFIER = kitsche.BiometricDemoUITests;
				PRODUCT_NAME = "$(TARGET_NAME)";
				SWIFT_EMIT_LOC_STRINGS = NO;
				SWIFT_VERSION = 5.0;
				TARGETED_DEVICE_FAMILY = "1,2";
				TEST_TARGET_NAME = BiometricDemo;
			};
			name = Release;
		};
/* End XCBuildConfiguration section */

/* Begin XCConfigurationList section */
		55C5C4072AA3836300CD1573 /* Build configuration list for PBXProject "BiometricDemo" */ = {
			isa = XCConfigurationList;
			buildConfigurations = (
				55C5C42E2AA3836600CD1573 /* Debug */,
				55C5C42F2AA3836600CD1573 /* Release */,
			);
			defaultConfigurationIsVisible = 0;
			defaultConfigurationName = Release;
		};
		55C5C4302AA3836600CD1573 /* Build configuration list for PBXNativeTarget "BiometricDemo" */ = {
			isa = XCConfigurationList;
			buildConfigurations = (
				55C5C4312AA3836600CD1573 /* Debug */,
				55C5C4322AA3836600CD1573 /* Release */,
			);
			defaultConfigurationIsVisible = 0;
			defaultConfigurationName = Release;
		};
		55C5C4332AA3836600CD1573 /* Build configuration list for PBXNativeTarget "BiometricDemoTests" */ = {
			isa = XCConfigurationList;
			buildConfigurations = (
				55C5C4342AA3836600CD1573 /* Debug */,
				55C5C4352AA3836600CD1573 /* Release */,
			);
			defaultConfigurationIsVisible = 0;
			defaultConfigurationName = Release;
		};
		55C5C4362AA3836600CD1573 /* Build configuration list for PBXNativeTarget "BiometricDemoUITests" */ = {
			isa = XCConfigurationList;
			buildConfigurations = (
				55C5C4372AA3836600CD1573 /* Debug */,
				55C5C4382AA3836600CD1573 /* Release */,
			);
			defaultConfigurationIsVisible = 0;
			defaultConfigurationName = Release;
		};
/* End XCConfigurationList section */
	};
	rootObject = 55C5C4042AA3836300CD1573 /* Project object */;
}
